Microsoft Visual Studio Solution File, Format Version 12.00
# Visual Studio Version 16
VisualStudioVersion = 16.0.28917.182
MinimumVisualStudioVersion = 10.0.40219.1
Project("{2150E333-8FDC-42A3-9474-1A3956D46DE8}") = "src", "src", "{B8E6F56E-FC5A-40E5-A0B7-38A1073647FB}"
EndProject
Project("{9A19103F-16F7-4668-BE54-9A1E7A4F7556}") = "Rasa.DBL", "src\Rasa.DBL\Rasa.DBL.csproj", "{1E6DC909-1107-4E13-9567-BED25F6ADD37}"
EndProject
Project("{9A19103F-16F7-4668-BE54-9A1E7A4F7556}") = "Rasa.Game", "src\Rasa.Game\Rasa.Game.csproj", "{1353A15F-E6E9-40C9-B688-C64BEF27737B}"
EndProject
Project("{9A19103F-16F7-4668-BE54-9A1E7A4F7556}") = "Rasa.Auth", "src\Rasa.Auth\Rasa.Auth.csproj", "{45E74572-79F0-48A4-AE01-F9AD738AA2EA}"
EndProject
Project("{9A19103F-16F7-4668-BE54-9A1E7A4F7556}") = "Rasa.Utils", "src\Rasa.Utils\Rasa.Utils.csproj", "{6C805BAE-3B78-4EA4-BF42-C1F383D3B537}"
EndProject
Project("{9A19103F-16F7-4668-BE54-9A1E7A4F7556}") = "Rasa.Shared", "src\Rasa.Shared\Rasa.Shared.csproj", "{7DE6BC34-F2F1-4C43-B234-422E33349D82}"
EndProject
Global
	GlobalSection(SolutionConfigurationPlatforms) = preSolution
		Debug|Any CPU = Debug|Any CPU
		Debug|x64 = Debug|x64
		Debug|x86 = Debug|x86
		Release|Any CPU = Release|Any CPU
		Release|x64 = Release|x64
		Release|x86 = Release|x86
	EndGlobalSection
	GlobalSection(ProjectConfigurationPlatforms) = postSolution
		{1E6DC909-1107-4E13-9567-BED25F6ADD37}.Debug|Any CPU.ActiveCfg = Debug|Any CPU
		{1E6DC909-1107-4E13-9567-BED25F6ADD37}.Debug|Any CPU.Build.0 = Debug|Any CPU
		{1E6DC909-1107-4E13-9567-BED25F6ADD37}.Debug|x64.ActiveCfg = Debug|Any CPU
		{1E6DC909-1107-4E13-9567-BED25F6ADD37}.Debug|x64.Build.0 = Debug|Any CPU
		{1E6DC909-1107-4E13-9567-BED25F6ADD37}.Debug|x86.ActiveCfg = Debug|Any CPU
		{1E6DC909-1107-4E13-9567-BED25F6ADD37}.Debug|x86.Build.0 = Debug|Any CPU
		{1E6DC909-1107-4E13-9567-BED25F6ADD37}.Release|Any CPU.ActiveCfg = Release|Any CPU
		{1E6DC909-1107-4E13-9567-BED25F6ADD37}.Release|Any CPU.Build.0 = Release|Any CPU
		{1E6DC909-1107-4E13-9567-BED25F6ADD37}.Release|x64.ActiveCfg = Release|Any CPU
		{1E6DC909-1107-4E13-9567-BED25F6ADD37}.Release|x64.Build.0 = Release|Any CPU
		{1E6DC909-1107-4E13-9567-BED25F6ADD37}.Release|x86.ActiveCfg = Release|Any CPU
		{1E6DC909-1107-4E13-9567-BED25F6ADD37}.Release|x86.Build.0 = Release|Any CPU
		{1353A15F-E6E9-40C9-B688-C64BEF27737B}.Debug|Any CPU.ActiveCfg = Debug|Any CPU
		{1353A15F-E6E9-40C9-B688-C64BEF27737B}.Debug|Any CPU.Build.0 = Debug|Any CPU
		{1353A15F-E6E9-40C9-B688-C64BEF27737B}.Debug|x64.ActiveCfg = Debug|Any CPU
		{1353A15F-E6E9-40C9-B688-C64BEF27737B}.Debug|x64.Build.0 = Debug|Any CPU
		{1353A15F-E6E9-40C9-B688-C64BEF27737B}.Debug|x86.ActiveCfg = Debug|Any CPU
		{1353A15F-E6E9-40C9-B688-C64BEF27737B}.Debug|x86.Build.0 = Debug|Any CPU
		{1353A15F-E6E9-40C9-B688-C64BEF27737B}.Release|Any CPU.ActiveCfg = Release|Any CPU
		{1353A15F-E6E9-40C9-B688-C64BEF27737B}.Release|Any CPU.Build.0 = Release|Any CPU
		{1353A15F-E6E9-40C9-B688-C64BEF27737B}.Release|x64.ActiveCfg = Release|Any CPU
		{1353A15F-E6E9-40C9-B688-C64BEF27737B}.Release|x64.Build.0 = Release|Any CPU
		{1353A15F-E6E9-40C9-B688-C64BEF27737B}.Release|x86.ActiveCfg = Release|Any CPU
		{1353A15F-E6E9-40C9-B688-C64BEF27737B}.Release|x86.Build.0 = Release|Any CPU
		{45E74572-79F0-48A4-AE01-F9AD738AA2EA}.Debug|Any CPU.ActiveCfg = Debug|Any CPU
		{45E74572-79F0-48A4-AE01-F9AD738AA2EA}.Debug|Any CPU.Build.0 = Debug|Any CPU
		{45E74572-79F0-48A4-AE01-F9AD738AA2EA}.Debug|x64.ActiveCfg = Debug|Any CPU
		{45E74572-79F0-48A4-AE01-F9AD738AA2EA}.Debug|x64.Build.0 = Debug|Any CPU
		{45E74572-79F0-48A4-AE01-F9AD738AA2EA}.Debug|x86.ActiveCfg = Debug|Any CPU
		{45E74572-79F0-48A4-AE01-F9AD738AA2EA}.Debug|x86.Build.0 = Debug|Any CPU
		{45E74572-79F0-48A4-AE01-F9AD738AA2EA}.Release|Any CPU.ActiveCfg = Release|Any CPU
		{45E74572-79F0-48A4-AE01-F9AD738AA2EA}.Release|Any CPU.Build.0 = Release|Any CPU
		{45E74572-79F0-48A4-AE01-F9AD738AA2EA}.Release|x64.ActiveCfg = Release|Any CPU
		{45E74572-79F0-48A4-AE01-F9AD738AA2EA}.Release|x64.Build.0 = Release|Any CPU
		{45E74572-79F0-48A4-AE01-F9AD738AA2EA}.Release|x86.ActiveCfg = Release|Any CPU
		{45E74572-79F0-48A4-AE01-F9AD738AA2EA}.Release|x86.Build.0 = Release|Any CPU
		{6C805BAE-3B78-4EA4-BF42-C1F383D3B537}.Debug|Any CPU.ActiveCfg = Debug|Any CPU
		{6C805BAE-3B78-4EA4-BF42-C1F383D3B537}.Debug|Any CPU.Build.0 = Debug|Any CPU
		{6C805BAE-3B78-4EA4-BF42-C1F383D3B537}.Debug|x64.ActiveCfg = Debug|Any CPU
		{6C805BAE-3B78-4EA4-BF42-C1F383D3B537}.Debug|x64.Build.0 = Debug|Any CPU
		{6C805BAE-3B78-4EA4-BF42-C1F383D3B537}.Debug|x86.ActiveCfg = Debug|Any CPU
		{6C805BAE-3B78-4EA4-BF42-C1F383D3B537}.Debug|x86.Build.0 = Debug|Any CPU
		{6C805BAE-3B78-4EA4-BF42-C1F383D3B537}.Release|Any CPU.ActiveCfg = Release|Any CPU
		{6C805BAE-3B78-4EA4-BF42-C1F383D3B537}.Release|Any CPU.Build.0 = Release|Any CPU
		{6C805BAE-3B78-4EA4-BF42-C1F383D3B537}.Release|x64.ActiveCfg = Release|Any CPU
		{6C805BAE-3B78-4EA4-BF42-C1F383D3B537}.Release|x64.Build.0 = Release|Any CPU
		{6C805BAE-3B78-4EA4-BF42-C1F383D3B537}.Release|x86.ActiveCfg = Release|Any CPU
		{6C805BAE-3B78-4EA4-BF42-C1F383D3B537}.Release|x86.Build.0 = Release|Any CPU
		{7DE6BC34-F2F1-4C43-B234-422E33349D82}.Debug|Any CPU.ActiveCfg = Debug|Any CPU
		{7DE6BC34-F2F1-4C43-B234-422E33349D82}.Debug|Any CPU.Build.0 = Debug|Any CPU
		{7DE6BC34-F2F1-4C43-B234-422E33349D82}.Debug|x64.ActiveCfg = Debug|Any CPU
		{7DE6BC34-F2F1-4C43-B234-422E33349D82}.Debug|x64.Build.0 = Debug|Any CPU
		{7DE6BC34-F2F1-4C43-B234-422E33349D82}.Debug|x86.ActiveCfg = Debug|Any CPU
		{7DE6BC34-F2F1-4C43-B234-422E33349D82}.Debug|x86.Build.0 = Debug|Any CPU
		{7DE6BC34-F2F1-4C43-B234-422E33349D82}.Release|Any CPU.ActiveCfg = Release|Any CPU
		{7DE6BC34-F2F1-4C43-B234-422E33349D82}.Release|Any CPU.Build.0 = Release|Any CPU
		{7DE6BC34-F2F1-4C43-B234-422E33349D82}.Release|x64.ActiveCfg = Release|Any CPU
		{7DE6BC34-F2F1-4C43-B234-422E33349D82}.Release|x64.Build.0 = Release|Any CPU
		{7DE6BC34-F2F1-4C43-B234-422E33349D82}.Release|x86.ActiveCfg = Release|Any CPU
		{7DE6BC34-F2F1-4C43-B234-422E33349D82}.Release|x86.Build.0 = Release|Any CPU
	EndGlobalSection
	GlobalSection(SolutionProperties) = preSolution
		HideSolutionNode = FALSE
	EndGlobalSection
	GlobalSection(NestedProjects) = preSolution
		{1E6DC909-1107-4E13-9567-BED25F6ADD37} = {B8E6F56E-FC5A-40E5-A0B7-38A1073647FB}
		{1353A15F-E6E9-40C9-B688-C64BEF27737B} = {B8E6F56E-FC5A-40E5-A0B7-38A1073647FB}
		{45E74572-79F0-48A4-AE01-F9AD738AA2EA} = {B8E6F56E-FC5A-40E5-A0B7-38A1073647FB}
		{6C805BAE-3B78-4EA4-BF42-C1F383D3B537} = {B8E6F56E-FC5A-40E5-A0B7-38A1073647FB}
		{7DE6BC34-F2F1-4C43-B234-422E33349D82} = {B8E6F56E-FC5A-40E5-A0B7-38A1073647FB}
	EndGlobalSection
	GlobalSection(ExtensibilityGlobals) = postSolution
		SolutionGuid = {7CC434E6-5871-4759-8BA7-FA9CBEAB7322}
	EndGlobalSection
EndGlobal
